{
  "name": "aplypro",
  "lockfileVersion": 2,
  "requires": true,
  "packages": {
    "": {
      "name": "aplypro",
      "dependencies": {
        "@gouvfr/dsfr": "^1.12.1"
      }
    },
    "node_modules/@gouvfr/dsfr": {
      "version": "1.12.1",
      "resolved": "https://registry.npmjs.org/@gouvfr/dsfr/-/dsfr-1.12.1.tgz",
      "integrity": "sha512-2zXBHSDjjlaNcxGtqbPQN/vyjJQKIRUP3CKOYoodj2/45pAWM1AXo3kCwXFLUo5kQOltShZUquQ7hSeVg4RRtA==",
      "engines": {
        "node": ">=14.18.0"
      }
    }
  },
  "dependencies": {
    "@gouvfr/dsfr": {
      "version": "1.12.1",
      "resolved": "https://registry.npmjs.org/@gouvfr/dsfr/-/dsfr-1.12.1.tgz",
      "integrity": "sha512-2zXBHSDjjlaNcxGtqbPQN/vyjJQKIRUP3CKOYoodj2/45pAWM1AXo3kCwXFLUo5kQOltShZUquQ7hSeVg4RRtA=="
    }
  }
}
